{
  "name": "nan-ci",
  "lockfileVersion": 2,
  "requires": true,
  "packages": {
    "": {
      "dependencies": {
        "esbuild": "^0.11.2",
        "fast-toml": "^0.5.4",
        "moment": "^2.29.1",
        "preact": "^10.5.13"
      },
      "devDependencies": {
        "prettier": "2.3.2"
      }
    },
    "node_modules/esbuild": {
      "version": "0.11.23",
      "resolved": "https://registry.npmjs.org/esbuild/-/esbuild-0.11.23.tgz",
      "integrity": "sha512-iaiZZ9vUF5wJV8ob1tl+5aJTrwDczlvGP0JoMmnpC2B0ppiMCu8n8gmy5ZTGl5bcG081XBVn+U+jP+mPFm5T5Q==",
      "hasInstallScript": true,
      "bin": {
        "esbuild": "bin/esbuild"
      }
    },
    "node_modules/fast-toml": {
      "version": "0.5.4",
      "resolved": "https://registry.npmjs.org/fast-toml/-/fast-toml-0.5.4.tgz",
      "integrity": "sha512-nUX94P84wE3gcem12g4FAH3xV7BmcCoV8FXcFVV+NIQAOwRJnyqVKhdGd9DqI4CunW+wOZhVBGKI6Jut/OlLTw=="
    },
    "node_modules/moment": {
      "version": "2.29.1",
      "resolved": "https://registry.npmjs.org/moment/-/moment-2.29.1.tgz",
      "integrity": "sha512-kHmoybcPV8Sqy59DwNDY3Jefr64lK/by/da0ViFcuA4DH0vQg5Q6Ze5VimxkfQNSC+Mls/Kx53s7TjP1RhFEDQ==",
      "engines": {
        "node": "*"
      }
    },
    "node_modules/preact": {
      "version": "10.5.14",
      "resolved": "https://registry.npmjs.org/preact/-/preact-10.5.14.tgz",
      "integrity": "sha512-KojoltCrshZ099ksUZ2OQKfbH66uquFoxHSbnwKbTJHeQNvx42EmC7wQVWNuDt6vC5s3nudRHFtKbpY4ijKlaQ==",
      "funding": {
        "type": "opencollective",
        "url": "https://opencollective.com/preact"
      }
    },
    "node_modules/prettier": {
      "version": "2.3.2",
      "resolved": "https://registry.npmjs.org/prettier/-/prettier-2.3.2.tgz",
      "integrity": "sha512-lnJzDfJ66zkMy58OL5/NY5zp70S7Nz6KqcKkXYzn2tMVrNxvbqaBpg7H3qHaLxCJ5lNMsGuM8+ohS7cZrthdLQ==",
      "dev": true,
      "bin": {
        "prettier": "bin-prettier.js"
      },
      "engines": {
        "node": ">=10.13.0"
      }
    }
  },
  "dependencies": {
    "esbuild": {
      "version": "0.11.23",
      "resolved": "https://registry.npmjs.org/esbuild/-/esbuild-0.11.23.tgz",
      "integrity": "sha512-iaiZZ9vUF5wJV8ob1tl+5aJTrwDczlvGP0JoMmnpC2B0ppiMCu8n8gmy5ZTGl5bcG081XBVn+U+jP+mPFm5T5Q=="
    },
    "fast-toml": {
      "version": "0.5.4",
      "resolved": "https://registry.npmjs.org/fast-toml/-/fast-toml-0.5.4.tgz",
      "integrity": "sha512-nUX94P84wE3gcem12g4FAH3xV7BmcCoV8FXcFVV+NIQAOwRJnyqVKhdGd9DqI4CunW+wOZhVBGKI6Jut/OlLTw=="
    },
    "moment": {
      "version": "2.29.1",
      "resolved": "https://registry.npmjs.org/moment/-/moment-2.29.1.tgz",
      "integrity": "sha512-kHmoybcPV8Sqy59DwNDY3Jefr64lK/by/da0ViFcuA4DH0vQg5Q6Ze5VimxkfQNSC+Mls/Kx53s7TjP1RhFEDQ=="
    },
    "preact": {
      "version": "10.5.14",
      "resolved": "https://registry.npmjs.org/preact/-/preact-10.5.14.tgz",
      "integrity": "sha512-KojoltCrshZ099ksUZ2OQKfbH66uquFoxHSbnwKbTJHeQNvx42EmC7wQVWNuDt6vC5s3nudRHFtKbpY4ijKlaQ=="
    },
    "prettier": {
      "version": "2.3.2",
      "resolved": "https://registry.npmjs.org/prettier/-/prettier-2.3.2.tgz",
      "integrity": "sha512-lnJzDfJ66zkMy58OL5/NY5zp70S7Nz6KqcKkXYzn2tMVrNxvbqaBpg7H3qHaLxCJ5lNMsGuM8+ohS7cZrthdLQ==",
      "dev": true
    }
  }
}
