{
  "name": "platform",
  "lockfileVersion": 2,
  "requires": true,
  "packages": {
    "": {
      "dependencies": {
        "preact": "^10.5.13"
      },
      "devDependencies": {
        "esbuild": "^0.11.2",
        "fast-toml": "^0.5.4",
        "prettier": "^2.2.1"
      }
    },
    "node_modules/esbuild": {
      "version": "0.11.7",
      "resolved": "https://registry.npmjs.org/esbuild/-/esbuild-0.11.7.tgz",
      "integrity": "sha512-rY+jA0TiCFVLcvxUbbp+yQ9EEBXDsfIU4rsY7RKJEsx/fjjRFjyGnamRCBwUZQspK37G9We6xAkX7IibGA24AA==",
      "dev": true,
      "hasInstallScript": true,
      "bin": {
        "esbuild": "bin/esbuild"
      }
    },
    "node_modules/fast-toml": {
      "version": "0.5.4",
      "resolved": "https://registry.npmjs.org/fast-toml/-/fast-toml-0.5.4.tgz",
      "integrity": "sha512-nUX94P84wE3gcem12g4FAH3xV7BmcCoV8FXcFVV+NIQAOwRJnyqVKhdGd9DqI4CunW+wOZhVBGKI6Jut/OlLTw==",
      "dev": true
    },
    "node_modules/preact": {
      "version": "10.5.13",
      "resolved": "https://registry.npmjs.org/preact/-/preact-10.5.13.tgz",
      "integrity": "sha512-q/vlKIGNwzTLu+jCcvywgGrt+H/1P/oIRSD6mV4ln3hmlC+Aa34C7yfPI4+5bzW8pONyVXYS7SvXosy2dKKtWQ==",
      "funding": {
        "type": "opencollective",
        "url": "https://opencollective.com/preact"
      }
    },
    "node_modules/prettier": {
      "version": "2.2.1",
      "resolved": "https://registry.npmjs.org/prettier/-/prettier-2.2.1.tgz",
      "integrity": "sha512-PqyhM2yCjg/oKkFPtTGUojv7gnZAoG80ttl45O6x2Ug/rMJw4wcc9k6aaf2hibP7BGVCCM33gZoGjyvt9mm16Q==",
      "dev": true,
      "bin": {
        "prettier": "bin-prettier.js"
      },
      "engines": {
        "node": ">=10.13.0"
      }
    }
  },
  "dependencies": {
    "esbuild": {
      "version": "0.11.7",
      "resolved": "https://registry.npmjs.org/esbuild/-/esbuild-0.11.7.tgz",
      "integrity": "sha512-rY+jA0TiCFVLcvxUbbp+yQ9EEBXDsfIU4rsY7RKJEsx/fjjRFjyGnamRCBwUZQspK37G9We6xAkX7IibGA24AA==",
      "dev": true
    },
    "fast-toml": {
      "version": "0.5.4",
      "resolved": "https://registry.npmjs.org/fast-toml/-/fast-toml-0.5.4.tgz",
      "integrity": "sha512-nUX94P84wE3gcem12g4FAH3xV7BmcCoV8FXcFVV+NIQAOwRJnyqVKhdGd9DqI4CunW+wOZhVBGKI6Jut/OlLTw==",
      "dev": true
    },
    "preact": {
      "version": "10.5.13",
      "resolved": "https://registry.npmjs.org/preact/-/preact-10.5.13.tgz",
      "integrity": "sha512-q/vlKIGNwzTLu+jCcvywgGrt+H/1P/oIRSD6mV4ln3hmlC+Aa34C7yfPI4+5bzW8pONyVXYS7SvXosy2dKKtWQ=="
    },
    "prettier": {
      "version": "2.2.1",
      "resolved": "https://registry.npmjs.org/prettier/-/prettier-2.2.1.tgz",
      "integrity": "sha512-PqyhM2yCjg/oKkFPtTGUojv7gnZAoG80ttl45O6x2Ug/rMJw4wcc9k6aaf2hibP7BGVCCM33gZoGjyvt9mm16Q==",
      "dev": true
    }
  }
}
