{
  "requires": true,
  "lockfileVersion": 1,
  "dependencies": {
    "codemirror": {
      "version": "5.63.1",
      "resolved": "https://registry.npmjs.org/codemirror/-/codemirror-5.63.1.tgz",
      "integrity": "sha512-baivaNZreZOGh1/tYyTvCupC9NeWk7qlZeGUDi4nFKj/J0JU8FYKZND4QqLw70P7HOttlCt4JJAOj9GoIhHEkA=="
    },
    "esbuild": {
      "version": "0.11.23",
      "resolved": "https://registry.npmjs.org/esbuild/-/esbuild-0.11.23.tgz",
      "integrity": "sha512-iaiZZ9vUF5wJV8ob1tl+5aJTrwDczlvGP0JoMmnpC2B0ppiMCu8n8gmy5ZTGl5bcG081XBVn+U+jP+mPFm5T5Q=="
    },
    "fast-toml": {
      "version": "0.5.4",
      "resolved": "https://registry.npmjs.org/fast-toml/-/fast-toml-0.5.4.tgz",
      "integrity": "sha512-nUX94P84wE3gcem12g4FAH3xV7BmcCoV8FXcFVV+NIQAOwRJnyqVKhdGd9DqI4CunW+wOZhVBGKI6Jut/OlLTw=="
    },
    "moment": {
      "version": "2.29.1",
      "resolved": "https://registry.npmjs.org/moment/-/moment-2.29.1.tgz",
      "integrity": "sha512-kHmoybcPV8Sqy59DwNDY3Jefr64lK/by/da0ViFcuA4DH0vQg5Q6Ze5VimxkfQNSC+Mls/Kx53s7TjP1RhFEDQ=="
    },
    "preact": {
      "version": "10.5.14",
      "resolved": "https://registry.npmjs.org/preact/-/preact-10.5.14.tgz",
      "integrity": "sha512-KojoltCrshZ099ksUZ2OQKfbH66uquFoxHSbnwKbTJHeQNvx42EmC7wQVWNuDt6vC5s3nudRHFtKbpY4ijKlaQ=="
    },
    "prettier": {
      "version": "2.3.2",
      "resolved": "https://registry.npmjs.org/prettier/-/prettier-2.3.2.tgz",
      "integrity": "sha512-lnJzDfJ66zkMy58OL5/NY5zp70S7Nz6KqcKkXYzn2tMVrNxvbqaBpg7H3qHaLxCJ5lNMsGuM8+ohS7cZrthdLQ==",
      "dev": true
    }
  }
}
