# THIS IS AN AUTOGENERATED FILE. DO NOT EDIT THIS FILE DIRECTLY.
# yarn lockfile v1


codemirror@^5.63.3:
  version "5.63.3"
  resolved "https://registry.yarnpkg.com/codemirror/-/codemirror-5.63.3.tgz#97042a242027fe0c87c09b36bc01931d37b76527"
  integrity sha512-1C+LELr+5grgJYqwZKqxrcbPsHFHapVaVAloBsFBASbpLnQqLw1U8yXJ3gT5D+rhxIiSpo+kTqN+hQ+9ialIXw==

esbuild@^0.11.2:
  version "0.11.23"
  resolved "https://registry.yarnpkg.com/esbuild/-/esbuild-0.11.23.tgz#c42534f632e165120671d64db67883634333b4b8"
  integrity sha512-iaiZZ9vUF5wJV8ob1tl+5aJTrwDczlvGP0JoMmnpC2B0ppiMCu8n8gmy5ZTGl5bcG081XBVn+U+jP+mPFm5T5Q==

fast-toml@^0.5.4:
  version "0.5.4"
  resolved "https://registry.yarnpkg.com/fast-toml/-/fast-toml-0.5.4.tgz#1f99a846e111cab8f7a34aa41ec6e7d14f1c918c"
  integrity sha512-nUX94P84wE3gcem12g4FAH3xV7BmcCoV8FXcFVV+NIQAOwRJnyqVKhdGd9DqI4CunW+wOZhVBGKI6Jut/OlLTw==

preact@^10.5.13:
  version "10.5.15"
  resolved "https://registry.yarnpkg.com/preact/-/preact-10.5.15.tgz#6df94d8afecf3f9e10a742fd8c362ddab464225f"
  integrity sha512-5chK29n6QcJc3m1lVrKQSQ+V7K1Gb8HeQY6FViQ5AxCAEGu3DaHffWNDkC9+miZgsLvbvU9rxbV1qinGHMHzqA==
